// !$*UTF8*$!
{
	archiveVersion = 1;
	classes = {
	};
	objectVersion = 46;
	objects = {

/* Begin PBXBuildFile section */
		99A315D21BAD98C500E5465C /* main.m in Sources */ = {isa = PBXBuildFile; fileRef = 99A315D11BAD98C500E5465C /* main.m */; };
		99A315D51BAD98C500E5465C /* AppDelegate.m in Sources */ = {isa = PBXBuildFile; fileRef = 99A315D41BAD98C500E5465C /* AppDelegate.m */; };
		99A315D81BAD98C500E5465C /* ViewController.m in Sources */ = {isa = PBXBuildFile; fileRef = 99A315D71BAD98C500E5465C /* ViewController.m */; };
		99A315DD1BAD98C500E5465C /* Images.xcassets in Resources */ = {isa = PBXBuildFile; fileRef = 99A315DC1BAD98C500E5465C /* Images.xcassets */; };
		99A315E01BAD98C500E5465C /* LaunchScreen.xib in Resources */ = {isa = PBXBuildFile; fileRef = 99A315DE1BAD98C500E5465C /* LaunchScreen.xib */; };
		99A315EC1BAD98C500E5465C /* MaCaveiOsTests.m in Sources */ = {isa = PBXBuildFile; fileRef = 99A315EB1BAD98C500E5465C /* MaCaveiOsTests.m */; };
		99A315F81BAD992D00E5465C /* ListeVinsViewController.m in Sources */ = {isa = PBXBuildFile; fileRef = 99A315F61BAD992D00E5465C /* ListeVinsViewController.m */; };
		99A315F91BAD992D00E5465C /* ListeVinsViewController.xib in Resources */ = {isa = PBXBuildFile; fileRef = 99A315F71BAD992D00E5465C /* ListeVinsViewController.xib */; };
		99A315FD1BAD99F800E5465C /* VinsViewCell.m in Sources */ = {isa = PBXBuildFile; fileRef = 99A315FB1BAD99F800E5465C /* VinsViewCell.m */; };
		99A315FE1BAD99F800E5465C /* VinsViewCell.xib in Resources */ = {isa = PBXBuildFile; fileRef = 99A315FC1BAD99F800E5465C /* VinsViewCell.xib */; };
		99A316021BADA12000E5465C /* DetailsVinViewController.m in Sources */ = {isa = PBXBuildFile; fileRef = 99A316001BADA12000E5465C /* DetailsVinViewController.m */; };
		99A316031BADA12000E5465C /* DetailsVinViewController.xib in Resources */ = {isa = PBXBuildFile; fileRef = 99A316011BADA12000E5465C /* DetailsVinViewController.xib */; };
		99A316071BADA4FD00E5465C /* ic_favori_no-web.png in Resources */ = {isa = PBXBuildFile; fileRef = 99A316041BADA4FD00E5465C /* ic_favori_no-web.png */; };
		99A316081BADA4FD00E5465C /* ic_favori_oui-web.png in Resources */ = {isa = PBXBuildFile; fileRef = 99A316051BADA4FD00E5465C /* ic_favori_oui-web.png */; };
		99A316091BADA4FD00E5465C /* ic_note-web.png in Resources */ = {isa = PBXBuildFile; fileRef = 99A316061BADA4FD00E5465C /* ic_note-web.png */; };
		99A3160B1BADA51A00E5465C /* mini-fiche_rouge.png in Resources */ = {isa = PBXBuildFile; fileRef = 99A3160A1BADA51A00E5465C /* mini-fiche_rouge.png */; };
		99A316121BADB5BD00E5465C /* Vin.m in Sources */ = {isa = PBXBuildFile; fileRef = 99A316111BADB5BD00E5465C /* Vin.m */; };
		99A316151BADC9F000E5465C /* Region.m in Sources */ = {isa = PBXBuildFile; fileRef = 99A316141BADC9F000E5465C /* Region.m */; };
		99A316181BADCB5700E5465C /* Appellation.m in Sources */ = {isa = PBXBuildFile; fileRef = 99A316171BADCB5700E5465C /* Appellation.m */; };
		99A3161B1BADCB6800E5465C /* Type.m in Sources */ = {isa = PBXBuildFile; fileRef = 99A3161A1BADCB6800E5465C /* Type.m */; };
		99A3161E1BADCB7500E5465C /* LieuAchat.m in Sources */ = {isa = PBXBuildFile; fileRef = 99A3161D1BADCB7500E5465C /* LieuAchat.m */; };
		99A316211BADCB8500E5465C /* Lieu Stockage.m in Sources */ = {isa = PBXBuildFile; fileRef = 99A316201BADCB8500E5465C /* Lieu Stockage.m */; };
/* End PBXBuildFile section */

/* Begin PBXContainerItemProxy section */
		99A315E61BAD98C500E5465C /* PBXContainerItemProxy */ = {
			isa = PBXContainerItemProxy;
			containerPortal = 99A315C41BAD98C500E5465C /* Project object */;
			proxyType = 1;
			remoteGlobalIDString = 99A315CB1BAD98C500E5465C;
			remoteInfo = MaCaveiOs;
		};
/* End PBXContainerItemProxy section */

/* Begin PBXFileReference section */
		99A315CC1BAD98C500E5465C /* MaCaveiOs.app */ = {isa = PBXFileReference; explicitFileType = wrapper.application; includeInIndex = 0; path = MaCaveiOs.app; sourceTree = BUILT_PRODUCTS_DIR; };
		99A315D01BAD98C500E5465C /* Info.plist */ = {isa = PBXFileReference; lastKnownFileType = text.plist.xml; path = Info.plist; sourceTree = "<group>"; };
		99A315D11BAD98C500E5465C /* main.m */ = {isa = PBXFileReference; lastKnownFileType = sourcecode.c.objc; path = main.m; sourceTree = "<group>"; };
		99A315D31BAD98C500E5465C /* AppDelegate.h */ = {isa = PBXFileReference; lastKnownFileType = sourcecode.c.h; path = AppDelegate.h; sourceTree = "<group>"; };
		99A315D41BAD98C500E5465C /* AppDelegate.m */ = {isa = PBXFileReference; lastKnownFileType = sourcecode.c.objc; path = AppDelegate.m; sourceTree = "<group>"; };
		99A315D61BAD98C500E5465C /* ViewController.h */ = {isa = PBXFileReference; lastKnownFileType = sourcecode.c.h; path = ViewController.h; sourceTree = "<group>"; };
		99A315D71BAD98C500E5465C /* ViewController.m */ = {isa = PBXFileReference; lastKnownFileType = sourcecode.c.objc; path = ViewController.m; sourceTree = "<group>"; };
		99A315DC1BAD98C500E5465C /* Images.xcassets */ = {isa = PBXFileReference; lastKnownFileType = folder.assetcatalog; path = Images.xcassets; sourceTree = "<group>"; };
		99A315DF1BAD98C500E5465C /* Base */ = {isa = PBXFileReference; lastKnownFileType = file.xib; name = Base; path = Base.lproj/LaunchScreen.xib; sourceTree = "<group>"; };
		99A315E51BAD98C500E5465C /* MaCaveiOsTests.xctest */ = {isa = PBXFileReference; explicitFileType = wrapper.cfbundle; includeInIndex = 0; path = MaCaveiOsTests.xctest; sourceTree = BUILT_PRODUCTS_DIR; };
		99A315EA1BAD98C500E5465C /* Info.plist */ = {isa = PBXFileReference; lastKnownFileType = text.plist.xml; path = Info.plist; sourceTree = "<group>"; };
		99A315EB1BAD98C500E5465C /* MaCaveiOsTests.m */ = {isa = PBXFileReference; lastKnownFileType = sourcecode.c.objc; path = MaCaveiOsTests.m; sourceTree = "<group>"; };
		99A315F51BAD992D00E5465C /* ListeVinsViewController.h */ = {isa = PBXFileReference; fileEncoding = 4; lastKnownFileType = sourcecode.c.h; name = ListeVinsViewController.h; path = MaCaveiOs/ListeVinsViewController.h; sourceTree = "<group>"; };
		99A315F61BAD992D00E5465C /* ListeVinsViewController.m */ = {isa = PBXFileReference; fileEncoding = 4; lastKnownFileType = sourcecode.c.objc; name = ListeVinsViewController.m; path = MaCaveiOs/ListeVinsViewController.m; sourceTree = "<group>"; };
		99A315F71BAD992D00E5465C /* ListeVinsViewController.xib */ = {isa = PBXFileReference; fileEncoding = 4; lastKnownFileType = file.xib; name = ListeVinsViewController.xib; path = MaCaveiOs/ListeVinsViewController.xib; sourceTree = "<group>"; };
		99A315FA1BAD99F700E5465C /* VinsViewCell.h */ = {isa = PBXFileReference; fileEncoding = 4; lastKnownFileType = sourcecode.c.h; name = VinsViewCell.h; path = MaCaveiOs/VinsViewCell.h; sourceTree = "<group>"; };
		99A315FB1BAD99F800E5465C /* VinsViewCell.m */ = {isa = PBXFileReference; fileEncoding = 4; lastKnownFileType = sourcecode.c.objc; name = VinsViewCell.m; path = MaCaveiOs/VinsViewCell.m; sourceTree = "<group>"; };
		99A315FC1BAD99F800E5465C /* VinsViewCell.xib */ = {isa = PBXFileReference; fileEncoding = 4; lastKnownFileType = file.xib; name = VinsViewCell.xib; path = MaCaveiOs/VinsViewCell.xib; sourceTree = "<group>"; };
		99A315FF1BADA12000E5465C /* DetailsVinViewController.h */ = {isa = PBXFileReference; fileEncoding = 4; lastKnownFileType = sourcecode.c.h; name = DetailsVinViewController.h; path = MaCaveiOs/DetailsVinViewController.h; sourceTree = "<group>"; };
		99A316001BADA12000E5465C /* DetailsVinViewController.m */ = {isa = PBXFileReference; fileEncoding = 4; lastKnownFileType = sourcecode.c.objc; name = DetailsVinViewController.m; path = MaCaveiOs/DetailsVinViewController.m; sourceTree = "<group>"; };
		99A316011BADA12000E5465C /* DetailsVinViewController.xib */ = {isa = PBXFileReference; fileEncoding = 4; lastKnownFileType = file.xib; name = DetailsVinViewController.xib; path = MaCaveiOs/DetailsVinViewController.xib; sourceTree = "<group>"; };
		99A316041BADA4FD00E5465C /* ic_favori_no-web.png */ = {isa = PBXFileReference; lastKnownFileType = image.png; name = "ic_favori_no-web.png"; path = "../../../Downloads/ic_favori_no-web.png"; sourceTree = "<group>"; };
		99A316051BADA4FD00E5465C /* ic_favori_oui-web.png */ = {isa = PBXFileReference; lastKnownFileType = image.png; name = "ic_favori_oui-web.png"; path = "../../../Downloads/ic_favori_oui-web.png"; sourceTree = "<group>"; };
		99A316061BADA4FD00E5465C /* ic_note-web.png */ = {isa = PBXFileReference; lastKnownFileType = image.png; name = "ic_note-web.png"; path = "../../../Downloads/ic_note-web.png"; sourceTree = "<group>"; };
		99A3160A1BADA51A00E5465C /* mini-fiche_rouge.png */ = {isa = PBXFileReference; lastKnownFileType = image.png; name = "mini-fiche_rouge.png"; path = "../../../Downloads/mini-fiche_rouge.png"; sourceTree = "<group>"; };
		99A316101BADB5BD00E5465C /* Vin.h */ = {isa = PBXFileReference; fileEncoding = 4; lastKnownFileType = sourcecode.c.h; path = Vin.h; sourceTree = "<group>"; };
		99A316111BADB5BD00E5465C /* Vin.m */ = {isa = PBXFileReference; fileEncoding = 4; lastKnownFileType = sourcecode.c.objc; path = Vin.m; sourceTree = "<group>"; };
		99A316131BADC9F000E5465C /* Region.h */ = {isa = PBXFileReference; fileEncoding = 4; lastKnownFileType = sourcecode.c.h; name = Region.h; path = ../Region.h; sourceTree = "<group>"; };
		99A316141BADC9F000E5465C /* Region.m */ = {isa = PBXFileReference; fileEncoding = 4; lastKnownFileType = sourcecode.c.objc; name = Region.m; path = ../Region.m; sourceTree = "<group>"; };
		99A316161BADCB5700E5465C /* Appellation.h */ = {isa = PBXFileReference; fileEncoding = 4; lastKnownFileType = sourcecode.c.h; name = Appellation.h; path = ../Appellation.h; sourceTree = "<group>"; };
		99A316171BADCB5700E5465C /* Appellation.m */ = {isa = PBXFileReference; fileEncoding = 4; lastKnownFileType = sourcecode.c.objc; name = Appellation.m; path = ../Appellation.m; sourceTree = "<group>"; };
		99A316191BADCB6800E5465C /* Type.h */ = {isa = PBXFileReference; fileEncoding = 4; lastKnownFileType = sourcecode.c.h; name = Type.h; path = ../Type.h; sourceTree = "<group>"; };
		99A3161A1BADCB6800E5465C /* Type.m */ = {isa = PBXFileReference; fileEncoding = 4; lastKnownFileType = sourcecode.c.objc; name = Type.m; path = ../Type.m; sourceTree = "<group>"; };
		99A3161C1BADCB7500E5465C /* LieuAchat.h */ = {isa = PBXFileReference; fileEncoding = 4; lastKnownFileType = sourcecode.c.h; name = LieuAchat.h; path = ../LieuAchat.h; sourceTree = "<group>"; };
		99A3161D1BADCB7500E5465C /* LieuAchat.m */ = {isa = PBXFileReference; fileEncoding = 4; lastKnownFileType = sourcecode.c.objc; name = LieuAchat.m; path = ../LieuAchat.m; sourceTree = "<group>"; };
		99A3161F1BADCB8500E5465C /* Lieu Stockage.h */ = {isa = PBXFileReference; fileEncoding = 4; lastKnownFileType = sourcecode.c.h; name = "Lieu Stockage.h"; path = "../Lieu Stockage.h"; sourceTree = "<group>"; };
		99A316201BADCB8500E5465C /* Lieu Stockage.m */ = {isa = PBXFileReference; fileEncoding = 4; lastKnownFileType = sourcecode.c.objc; name = "Lieu Stockage.m"; path = "../Lieu Stockage.m"; sourceTree = "<group>"; };
/* End PBXFileReference section */

/* Begin PBXFrameworksBuildPhase section */
		99A315C91BAD98C500E5465C /* Frameworks */ = {
			isa = PBXFrameworksBuildPhase;
			buildActionMask = 2147483647;
			files = (
			);
			runOnlyForDeploymentPostprocessing = 0;
		};
		99A315E21BAD98C500E5465C /* Frameworks */ = {
			isa = PBXFrameworksBuildPhase;
			buildActionMask = 2147483647;
			files = (
			);
			runOnlyForDeploymentPostprocessing = 0;
		};
/* End PBXFrameworksBuildPhase section */

/* Begin PBXGroup section */
		99A315C31BAD98C500E5465C = {
			isa = PBXGroup;
			children = (
				99A3160A1BADA51A00E5465C /* mini-fiche_rouge.png */,
				99A316041BADA4FD00E5465C /* ic_favori_no-web.png */,
				99A316051BADA4FD00E5465C /* ic_favori_oui-web.png */,
				99A316061BADA4FD00E5465C /* ic_note-web.png */,
				99A315FF1BADA12000E5465C /* DetailsVinViewController.h */,
				99A316001BADA12000E5465C /* DetailsVinViewController.m */,
				99A316011BADA12000E5465C /* DetailsVinViewController.xib */,
				99A315F51BAD992D00E5465C /* ListeVinsViewController.h */,
				99A315F61BAD992D00E5465C /* ListeVinsViewController.m */,
				99A315F71BAD992D00E5465C /* ListeVinsViewController.xib */,
				99A315FA1BAD99F700E5465C /* VinsViewCell.h */,
				99A315FB1BAD99F800E5465C /* VinsViewCell.m */,
				99A315FC1BAD99F800E5465C /* VinsViewCell.xib */,
				99A315CE1BAD98C500E5465C /* MaCaveiOs */,
				99A315E81BAD98C500E5465C /* MaCaveiOsTests */,
				99A315CD1BAD98C500E5465C /* Products */,
			);
			sourceTree = "<group>";
		};
		99A315CD1BAD98C500E5465C /* Products */ = {
			isa = PBXGroup;
			children = (
				99A315CC1BAD98C500E5465C /* MaCaveiOs.app */,
				99A315E51BAD98C500E5465C /* MaCaveiOsTests.xctest */,
			);
			name = Products;
			sourceTree = "<group>";
		};
		99A315CE1BAD98C500E5465C /* MaCaveiOs */ = {
			isa = PBXGroup;
			children = (
				99A316221BADCBA200E5465C /* Class */,
				99A315D31BAD98C500E5465C /* AppDelegate.h */,
				99A315D41BAD98C500E5465C /* AppDelegate.m */,
				99A315D61BAD98C500E5465C /* ViewController.h */,
				99A315D71BAD98C500E5465C /* ViewController.m */,
				99A315DC1BAD98C500E5465C /* Images.xcassets */,
				99A315DE1BAD98C500E5465C /* LaunchScreen.xib */,
				99A315CF1BAD98C500E5465C /* Supporting Files */,
			);
			path = MaCaveiOs;
			sourceTree = "<group>";
		};
		99A315CF1BAD98C500E5465C /* Supporting Files */ = {
			isa = PBXGroup;
			children = (
				99A315D01BAD98C500E5465C /* Info.plist */,
				99A315D11BAD98C500E5465C /* main.m */,
			);
			name = "Supporting Files";
			sourceTree = "<group>";
		};
		99A315E81BAD98C500E5465C /* MaCaveiOsTests */ = {
			isa = PBXGroup;
			children = (
				99A315EB1BAD98C500E5465C /* MaCaveiOsTests.m */,
				99A315E91BAD98C500E5465C /* Supporting Files */,
			);
			path = MaCaveiOsTests;
			sourceTree = "<group>";
		};
		99A315E91BAD98C500E5465C /* Supporting Files */ = {
			isa = PBXGroup;
			children = (
				99A315EA1BAD98C500E5465C /* Info.plist */,
			);
			name = "Supporting Files";
			sourceTree = "<group>";
		};
		99A316221BADCBA200E5465C /* Class */ = {
			isa = PBXGroup;
			children = (
				99A3161F1BADCB8500E5465C /* Lieu Stockage.h */,
				99A316201BADCB8500E5465C /* Lieu Stockage.m */,
				99A3161C1BADCB7500E5465C /* LieuAchat.h */,
				99A3161D1BADCB7500E5465C /* LieuAchat.m */,
				99A316191BADCB6800E5465C /* Type.h */,
				99A3161A1BADCB6800E5465C /* Type.m */,
				99A316161BADCB5700E5465C /* Appellation.h */,
				99A316171BADCB5700E5465C /* Appellation.m */,
				99A316131BADC9F000E5465C /* Region.h */,
				99A316141BADC9F000E5465C /* Region.m */,
				99A316101BADB5BD00E5465C /* Vin.h */,
				99A316111BADB5BD00E5465C /* Vin.m */,
			);
			name = Class;
			sourceTree = "<group>";
		};
/* End PBXGroup section */

/* Begin PBXNativeTarget section */
		99A315CB1BAD98C500E5465C /* MaCaveiOs */ = {
			isa = PBXNativeTarget;
			buildConfigurationList = 99A315EF1BAD98C500E5465C /* Build configuration list for PBXNativeTarget "MaCaveiOs" */;
			buildPhases = (
				99A315C81BAD98C500E5465C /* Sources */,
				99A315C91BAD98C500E5465C /* Frameworks */,
				99A315CA1BAD98C500E5465C /* Resources */,
			);
			buildRules = (
			);
			dependencies = (
			);
			name = MaCaveiOs;
			productName = MaCaveiOs;
			productReference = 99A315CC1BAD98C500E5465C /* MaCaveiOs.app */;
			productType = "com.apple.product-type.application";
		};
		99A315E41BAD98C500E5465C /* MaCaveiOsTests */ = {
			isa = PBXNativeTarget;
			buildConfigurationList = 99A315F21BAD98C500E5465C /* Build configuration list for PBXNativeTarget "MaCaveiOsTests" */;
			buildPhases = (
				99A315E11BAD98C500E5465C /* Sources */,
				99A315E21BAD98C500E5465C /* Frameworks */,
				99A315E31BAD98C500E5465C /* Resources */,
			);
			buildRules = (
			);
			dependencies = (
				99A315E71BAD98C500E5465C /* PBXTargetDependency */,
			);
			name = MaCaveiOsTests;
			productName = MaCaveiOsTests;
			productReference = 99A315E51BAD98C500E5465C /* MaCaveiOsTests.xctest */;
			productType = "com.apple.product-type.bundle.unit-test";
		};
/* End PBXNativeTarget section */

/* Begin PBXProject section */
		99A315C41BAD98C500E5465C /* Project object */ = {
			isa = PBXProject;
			attributes = {
				LastUpgradeCheck = 0630;
				ORGANIZATIONNAME = "Patrick Boguet";
				TargetAttributes = {
					99A315CB1BAD98C500E5465C = {
						CreatedOnToolsVersion = 6.3.2;
					};
					99A315E41BAD98C500E5465C = {
						CreatedOnToolsVersion = 6.3.2;
						TestTargetID = 99A315CB1BAD98C500E5465C;
					};
				};
			};
			buildConfigurationList = 99A315C71BAD98C500E5465C /* Build configuration list for PBXProject "MaCaveiOs" */;
			compatibilityVersion = "Xcode 3.2";
			developmentRegion = English;
			hasScannedForEncodings = 0;
			knownRegions = (
				en,
				Base,
			);
			mainGroup = 99A315C31BAD98C500E5465C;
			productRefGroup = 99A315CD1BAD98C500E5465C /* Products */;
			projectDirPath = "";
			projectRoot = "";
			targets = (
				99A315CB1BAD98C500E5465C /* MaCaveiOs */,
				99A315E41BAD98C500E5465C /* MaCaveiOsTests */,
			);
		};
/* End PBXProject section */

/* Begin PBXResourcesBuildPhase section */
		99A315CA1BAD98C500E5465C /* Resources */ = {
			isa = PBXResourcesBuildPhase;
			buildActionMask = 2147483647;
			files = (
				99A315FE1BAD99F800E5465C /* VinsViewCell.xib in Resources */,
				99A316081BADA4FD00E5465C /* ic_favori_oui-web.png in Resources */,
				99A315F91BAD992D00E5465C /* ListeVinsViewController.xib in Resources */,
				99A3160B1BADA51A00E5465C /* mini-fiche_rouge.png in Resources */,
				99A316031BADA12000E5465C /* DetailsVinViewController.xib in Resources */,
				99A315E01BAD98C500E5465C /* LaunchScreen.xib in Resources */,
				99A316071BADA4FD00E5465C /* ic_favori_no-web.png in Resources */,
				99A316091BADA4FD00E5465C /* ic_note-web.png in Resources */,
				99A315DD1BAD98C500E5465C /* Images.xcassets in Resources */,
			);
			runOnlyForDeploymentPostprocessing = 0;
		};
		99A315E31BAD98C500E5465C /* Resources */ = {
			isa = PBXResourcesBuildPhase;
			buildActionMask = 2147483647;
			files = (
			);
			runOnlyForDeploymentPostprocessing = 0;
		};
/* End PBXResourcesBuildPhase section */

/* Begin PBXSourcesBuildPhase section */
		99A315C81BAD98C500E5465C /* Sources */ = {
			isa = PBXSourcesBuildPhase;
			buildActionMask = 2147483647;
			files = (
				99A315F81BAD992D00E5465C /* ListeVinsViewController.m in Sources */,
				99A316181BADCB5700E5465C /* Appellation.m in Sources */,
				99A315D81BAD98C500E5465C /* ViewController.m in Sources */,
				99A315FD1BAD99F800E5465C /* VinsViewCell.m in Sources */,
				99A3161E1BADCB7500E5465C /* LieuAchat.m in Sources */,
				99A315D51BAD98C500E5465C /* AppDelegate.m in Sources */,
				99A316211BADCB8500E5465C /* Lieu Stockage.m in Sources */,
				99A3161B1BADCB6800E5465C /* Type.m in Sources */,
				99A316121BADB5BD00E5465C /* Vin.m in Sources */,
				99A315D21BAD98C500E5465C /* main.m in Sources */,
				99A316021BADA12000E5465C /* DetailsVinViewController.m in Sources */,
				99A316151BADC9F000E5465C /* Region.m in Sources */,
			);
			runOnlyForDeploymentPostprocessing = 0;
		};
		99A315E11BAD98C500E5465C /* Sources */ = {
			isa = PBXSourcesBuildPhase;
			buildActionMask = 2147483647;
			files = (
				99A315EC1BAD98C500E5465C /* MaCaveiOsTests.m in Sources */,
			);
			runOnlyForDeploymentPostprocessing = 0;
		};
/* End PBXSourcesBuildPhase section */

/* Begin PBXTargetDependency section */
		99A315E71BAD98C500E5465C /* PBXTargetDependency */ = {
			isa = PBXTargetDependency;
			target = 99A315CB1BAD98C500E5465C /* MaCaveiOs */;
			targetProxy = 99A315E61BAD98C500E5465C /* PBXContainerItemProxy */;
		};
/* End PBXTargetDependency section */

/* Begin PBXVariantGroup section */
		99A315DE1BAD98C500E5465C /* LaunchScreen.xib */ = {
			isa = PBXVariantGroup;
			children = (
				99A315DF1BAD98C500E5465C /* Base */,
			);
			name = LaunchScreen.xib;
			sourceTree = "<group>";
		};
/* End PBXVariantGroup section */

/* Begin XCBuildConfiguration section */
		99A315ED1BAD98C500E5465C /* Debug */ = {
			isa = XCBuildConfiguration;
			buildSettings = {
				ALWAYS_SEARCH_USER_PATHS = NO;
				CLANG_CXX_LANGUAGE_STANDARD = "gnu++0x";
				CLANG_CXX_LIBRARY = "libc++";
				CLANG_ENABLE_MODULES = YES;
				CLANG_ENABLE_OBJC_ARC = YES;
				CLANG_WARN_BOOL_CONVERSION = YES;
				CLANG_WARN_CONSTANT_CONVERSION = YES;
				CLANG_WARN_DIRECT_OBJC_ISA_USAGE = YES_ERROR;
				CLANG_WARN_EMPTY_BODY = YES;
				CLANG_WARN_ENUM_CONVERSION = YES;
				CLANG_WARN_INT_CONVERSION = YES;
				CLANG_WARN_OBJC_ROOT_CLASS = YES_ERROR;
				CLANG_WARN_UNREACHABLE_CODE = YES;
				CLANG_WARN__DUPLICATE_METHOD_MATCH = YES;
				"CODE_SIGN_IDENTITY[sdk=iphoneos*]" = "iPhone Developer";
				COPY_PHASE_STRIP = NO;
				DEBUG_INFORMATION_FORMAT = "dwarf-with-dsym";
				ENABLE_STRICT_OBJC_MSGSEND = YES;
				GCC_C_LANGUAGE_STANDARD = gnu99;
				GCC_DYNAMIC_NO_PIC = NO;
				GCC_NO_COMMON_BLOCKS = YES;
				GCC_OPTIMIZATION_LEVEL = 0;
				GCC_PREPROCESSOR_DEFINITIONS = (
					"DEBUG=1",
					"$(inherited)",
				);
				GCC_SYMBOLS_PRIVATE_EXTERN = NO;
				GCC_WARN_64_TO_32_BIT_CONVERSION = YES;
				GCC_WARN_ABOUT_RETURN_TYPE = YES_ERROR;
				GCC_WARN_UNDECLARED_SELECTOR = YES;
				GCC_WARN_UNINITIALIZED_AUTOS = YES_AGGRESSIVE;
				GCC_WARN_UNUSED_FUNCTION = YES;
				GCC_WARN_UNUSED_VARIABLE = YES;
				IPHONEOS_DEPLOYMENT_TARGET = 8.3;
				MTL_ENABLE_DEBUG_INFO = YES;
				ONLY_ACTIVE_ARCH = YES;
				SDKROOT = iphoneos;
				TARGETED_DEVICE_FAMILY = 2;
			};
			name = Debug;
		};
		99A315EE1BAD98C500E5465C /* Release */ = {
			isa = XCBuildConfiguration;
			buildSettings = {
				ALWAYS_SEARCH_USER_PATHS = NO;
				CLANG_CXX_LANGUAGE_STANDARD = "gnu++0x";
				CLANG_CXX_LIBRARY = "libc++";
				CLANG_ENABLE_MODULES = YES;
				CLANG_ENABLE_OBJC_ARC = YES;
				CLANG_WARN_BOOL_CONVERSION = YES;
				CLANG_WARN_CONSTANT_CONVERSION = YES;
				CLANG_WARN_DIRECT_OBJC_ISA_USAGE = YES_ERROR;
				CLANG_WARN_EMPTY_BODY = YES;
				CLANG_WARN_ENUM_CONVERSION = YES;
				CLANG_WARN_INT_CONVERSION = YES;
				CLANG_WARN_OBJC_ROOT_CLASS = YES_ERROR;
				CLANG_WARN_UNREACHABLE_CODE = YES;
				CLANG_WARN__DUPLICATE_METHOD_MATCH = YES;
				"CODE_SIGN_IDENTITY[sdk=iphoneos*]" = "iPhone Developer";
				COPY_PHASE_STRIP = NO;
				DEBUG_INFORMATION_FORMAT = "dwarf-with-dsym";
				ENABLE_NS_ASSERTIONS = NO;
				ENABLE_STRICT_OBJC_MSGSEND = YES;
				GCC_C_LANGUAGE_STANDARD = gnu99;
				GCC_NO_COMMON_BLOCKS = YES;
				GCC_WARN_64_TO_32_BIT_CONVERSION = YES;
				GCC_WARN_ABOUT_RETURN_TYPE = YES_ERROR;
				GCC_WARN_UNDECLARED_SELECTOR = YES;
				GCC_WARN_UNINITIALIZED_AUTOS = YES_AGGRESSIVE;
				GCC_WARN_UNUSED_FUNCTION = YES;
				GCC_WARN_UNUSED_VARIABLE = YES;
				IPHONEOS_DEPLOYMENT_TARGET = 8.3;
				MTL_ENABLE_DEBUG_INFO = NO;
				SDKROOT = iphoneos;
				TARGETED_DEVICE_FAMILY = 2;
				VALIDATE_PRODUCT = YES;
			};
			name = Release;
		};
		99A315F01BAD98C500E5465C /* Debug */ = {
			isa = XCBuildConfiguration;
			buildSettings = {
				ASSETCATALOG_COMPILER_APPICON_NAME = AppIcon;
				INFOPLIST_FILE = MaCaveiOs/Info.plist;
				LD_RUNPATH_SEARCH_PATHS = "$(inherited) @executable_path/Frameworks";
				PRODUCT_NAME = "$(TARGET_NAME)";
			};
			name = Debug;
		};
		99A315F11BAD98C500E5465C /* Release */ = {
			isa = XCBuildConfiguration;
			buildSettings = {
				ASSETCATALOG_COMPILER_APPICON_NAME = AppIcon;
				INFOPLIST_FILE = MaCaveiOs/Info.plist;
				LD_RUNPATH_SEARCH_PATHS = "$(inherited) @executable_path/Frameworks";
				PRODUCT_NAME = "$(TARGET_NAME)";
			};
			name = Release;
		};
		99A315F31BAD98C500E5465C /* Debug */ = {
			isa = XCBuildConfiguration;
			buildSettings = {
				BUNDLE_LOADER = "$(TEST_HOST)";
				FRAMEWORK_SEARCH_PATHS = (
					"$(SDKROOT)/Developer/Library/Frameworks",
					"$(inherited)",
				);
				GCC_PREPROCESSOR_DEFINITIONS = (
					"DEBUG=1",
					"$(inherited)",
				);
				INFOPLIST_FILE = MaCaveiOsTests/Info.plist;
				LD_RUNPATH_SEARCH_PATHS = "$(inherited) @executable_path/Frameworks @loader_path/Frameworks";
				PRODUCT_NAME = "$(TARGET_NAME)";
				TEST_HOST = "$(BUILT_PRODUCTS_DIR)/MaCaveiOs.app/MaCaveiOs";
			};
			name = Debug;
		};
		99A315F41BAD98C500E5465C /* Release */ = {
			isa = XCBuildConfiguration;
			buildSettings = {
				BUNDLE_LOADER = "$(TEST_HOST)";
				FRAMEWORK_SEARCH_PATHS = (
					"$(SDKROOT)/Developer/Library/Frameworks",
					"$(inherited)",
				);
				INFOPLIST_FILE = MaCaveiOsTests/Info.plist;
				LD_RUNPATH_SEARCH_PATHS = "$(inherited) @executable_path/Frameworks @loader_path/Frameworks";
				PRODUCT_NAME = "$(TARGET_NAME)";
				TEST_HOST = "$(BUILT_PRODUCTS_DIR)/MaCaveiOs.app/MaCaveiOs";
			};
			name = Release;
		};
/* End XCBuildConfiguration section */

/* Begin XCConfigurationList section */
		99A315C71BAD98C500E5465C /* Build configuration list for PBXProject "MaCaveiOs" */ = {
			isa = XCConfigurationList;
			buildConfigurations = (
				99A315ED1BAD98C500E5465C /* Debug */,
				99A315EE1BAD98C500E5465C /* Release */,
			);
			defaultConfigurationIsVisible = 0;
			defaultConfigurationName = Release;
		};
		99A315EF1BAD98C500E5465C /* Build configuration list for PBXNativeTarget "MaCaveiOs" */ = {
			isa = XCConfigurationList;
			buildConfigurations = (
				99A315F01BAD98C500E5465C /* Debug */,
				99A315F11BAD98C500E5465C /* Release */,
			);
			defaultConfigurationIsVisible = 0;
			defaultConfigurationName = Release;
		};
		99A315F21BAD98C500E5465C /* Build configuration list for PBXNativeTarget "MaCaveiOsTests" */ = {
			isa = XCConfigurationList;
			buildConfigurations = (
				99A315F31BAD98C500E5465C /* Debug */,
				99A315F41BAD98C500E5465C /* Release */,
			);
			defaultConfigurationIsVisible = 0;
			defaultConfigurationName = Release;
		};
/* End XCConfigurationList section */
	};
	rootObject = 99A315C41BAD98C500E5465C /* Project object */;
}
